
Microsoft Visual Studio Solution File, Format Version 12.00
# Visual Studio Version 17
VisualStudioVersion = 17.4.33213.308
MinimumVisualStudioVersion = 10.0.40219.1
Project("{FAE04EC0-301F-11D3-BF4B-00C04F79EFBC}") = "FlightTicketWebUI", "FlightTicketWebUI.csproj", "{752EEBAD-7B01-4805-9473-7125A08104DA}"
EndProject
Global
	GlobalSection(SolutionConfigurationPlatforms) = preSolution
		Debug|Any CPU = Debug|Any CPU
		Release|Any CPU = Release|Any CPU
	EndGlobalSection
	GlobalSection(ProjectConfigurationPlatforms) = postSolution
		{752EEBAD-7B01-4805-9473-7125A08104DA}.Debug|Any CPU.ActiveCfg = Debug|Any CPU
		{752EEBAD-7B01-4805-9473-7125A08104DA}.Debug|Any CPU.Build.0 = Debug|Any CPU
		{752EEBAD-7B01-4805-9473-7125A08104DA}.Release|Any CPU.ActiveCfg = Release|Any CPU
		{752EEBAD-7B01-4805-9473-7125A08104DA}.Release|Any CPU.Build.0 = Release|Any CPU
	EndGlobalSection
	GlobalSection(SolutionProperties) = preSolution
		HideSolutionNode = FALSE
	EndGlobalSection
	GlobalSection(ExtensibilityGlobals) = postSolution
		SolutionGuid = {8FB96E5E-84B6-416D-8212-6506330248D3}
	EndGlobalSection
EndGlobal
